GEM
  remote: https://rubygems.org/
  specs:
    minitest (6.0.1)
      prism (~> 1.5)
    minitest-mock (5.27.0)
    prism (1.9.0)
    rake (13.3.1)
    webrick (1.9.2)

PLATFORMS
  ruby
  x86_64-linux

DEPENDENCIES
  minitest (~> 6.0.1)
  minitest-mock (~> 5.27.0)
  rake (~> 13.3.1)
  webrick

CHECKSUMS
  minitest (6.0.1) sha256=7854c74f48e2e975969062833adc4013f249a4b212f5e7b9d5c040bf838d54bb
  minitest-mock (5.27.0) sha256=7040ed7185417a966920987eaa6eaf1be4ea1fc5b25bb03ff4703f98564a55b0
  prism (1.9.0) sha256=7b530c6a9f92c24300014919c9dcbc055bf4cdf51ec30aed099b06cd6674ef85
  rake (13.3.1) sha256=8c9e89d09f66a26a01264e7e3480ec0607f0c497a861ef16063604b1b08eb19c
  webrick (1.9.2) sha256=beb4a15fc474defed24a3bda4ffd88a490d517c9e4e6118c3edce59e45864131

RUBY VERSION
  ruby 4.0.1

BUNDLED WITH
  4.0.6
